
Microsoft Visual Studio Solution File, Format Version 12.00
# Visual Studio Version 16
VisualStudioVersion = 16.0.33423.256
MinimumVisualStudioVersion = 10.0.40219.1
Project("{FAE04EC0-301F-11D3-BF4B-00C04F79EFBC}") = "loginAtividadeForm", "loginAtividadeForm\loginAtividadeForm.csproj", "{8C931CD9-1317-4AEA-9F00-6DFE3D84A8DB}"
EndProject
Global
	GlobalSection(SolutionConfigurationPlatforms) = preSolution
		Debug|Any CPU = Debug|Any CPU
		Release|Any CPU = Release|Any CPU
	EndGlobalSection
	GlobalSection(ProjectConfigurationPlatforms) = postSolution
		{8C931CD9-1317-4AEA-9F00-6DFE3D84A8DB}.Debug|Any CPU.ActiveCfg = Debug|Any CPU
		{8C931CD9-1317-4AEA-9F00-6DFE3D84A8DB}.Debug|Any CPU.Build.0 = Debug|Any CPU
		{8C931CD9-1317-4AEA-9F00-6DFE3D84A8DB}.Release|Any CPU.ActiveCfg = Release|Any CPU
		{8C931CD9-1317-4AEA-9F00-6DFE3D84A8DB}.Release|Any CPU.Build.0 = Release|Any CPU
	EndGlobalSection
	GlobalSection(SolutionProperties) = preSolution
		HideSolutionNode = FALSE
	EndGlobalSection
	GlobalSection(ExtensibilityGlobals) = postSolution
		SolutionGuid = {D918B39B-D29D-4854-9750-1A198D532556}
	EndGlobalSection
EndGlobal
